{
  "nodes": {
    "nix": {
      "flake": false,
      "locked": {
        "lastModified": 1775983978,
        "narHash": "sha256-xhPI/luFx13eATD7+WwL/WwaeunVgzy1pth3yo24B40=",
        "owner": "NixOS",
        "repo": "nix",
        "rev": "c523db667cc43f48ac639f46b0b59485438dd156",
        "type": "github"
      },
      "original": {
        "owner": "NixOS",
        "ref": "2.34-maintenance",
        "repo": "nix",
        "type": "github"
      }
    },
    "nix-eval-jobs": {
      "flake": false,
      "locked": {
        "lastModified": 1773356729,
        "narHash": "sha256-OFGRoJOYhvZ3Enk5a8vMy0QNcG5ZxyzFhyHMrwKXde8=",
        "owner": "NixOS",
        "repo": "nix-eval-jobs",
        "rev": "65ebf5b7cd453a27af09cf02b1fc57b3568cc4b7",
        "type": "github"
      },
      "original": {
        "owner": "NixOS",
        "ref": "v2.34.1",
        "repo": "nix-eval-jobs",
        "type": "github"
      }
    },
    "nixpkgs": {
      "locked": {
        "lastModified": 1776008671,
        "narHash": "sha256-qpCU82Cd48/TvU6myvz5jdMG2G20X4Ecjh0Py9sin2Q=",
        "owner": "NixOS",
        "repo": "nixpkgs",
        "rev": "d120083b76a17fffe4a368436dd3330c977dcdf8",
        "type": "github"
      },
      "original": {
        "owner": "NixOS",
        "ref": "nixos-25.11-small",
        "repo": "nixpkgs",
        "type": "github"
      }
    },
    "root": {
      "inputs": {
        "nix": "nix",
        "nix-eval-jobs": "nix-eval-jobs",
        "nixpkgs": "nixpkgs",
        "treefmt-nix": "treefmt-nix"
      }
    },
    "treefmt-nix": {
      "inputs": {
        "nixpkgs": [
          "nixpkgs"
        ]
      },
      "locked": {
        "lastModified": 1775636079,
        "narHash": "sha256-pc20NRoMdiar8oPQceQT47UUZMBTiMdUuWrYu2obUP0=",
        "owner": "numtide",
        "repo": "treefmt-nix",
        "rev": "790751ff7fd3801feeaf96d7dc416a8d581265ba",
        "type": "github"
      },
      "original": {
        "owner": "numtide",
        "repo": "treefmt-nix",
        "type": "github"
      }
    }
  },
  "root": "root",
  "version": 7
}
