{
  "nodes": {
    "nix": {
      "inputs": {
        "flake-compat": [],
        "flake-parts": [],
        "git-hooks-nix": [],
        "nixpkgs": [
          "nixpkgs"
        ],
        "nixpkgs-23-11": [],
        "nixpkgs-regression": []
      },
      "locked": {
        "lastModified": 1739899400,
        "narHash": "sha256-q/RgA4bB7zWai4oPySq9mch7qH14IEeom2P64SXdqHs=",
        "owner": "NixOS",
        "repo": "nix",
        "rev": "e310c19a1aeb1ce1ed4d41d5ab2d02db596e0918",
        "type": "github"
      },
      "original": {
        "owner": "NixOS",
        "ref": "2.26-maintenance",
        "repo": "nix",
        "type": "github"
      }
    },
    "nix-eval-jobs": {
      "flake": false,
      "locked": {
        "lastModified": 1739500569,
        "narHash": "sha256-3wIReAqdTALv39gkWXLMZQvHyBOc3yPkWT2ZsItxedY=",
        "owner": "nix-community",
        "repo": "nix-eval-jobs",
        "rev": "4b392b284877d203ae262e16af269f702df036bc",
        "type": "github"
      },
      "original": {
        "owner": "nix-community",
        "repo": "nix-eval-jobs",
        "type": "github"
      }
    },
    "nixpkgs": {
      "locked": {
        "lastModified": 1739461644,
        "narHash": "sha256-1o1qR0KYozYGRrnqytSpAhVBYLNBHX+Lv6I39zGRzKM=",
        "owner": "NixOS",
        "repo": "nixpkgs",
        "rev": "97a719c9f0a07923c957cf51b20b329f9fb9d43f",
        "type": "github"
      },
      "original": {
        "owner": "NixOS",
        "ref": "nixos-24.11-small",
        "repo": "nixpkgs",
        "type": "github"
      }
    },
    "root": {
      "inputs": {
        "nix": "nix",
        "nix-eval-jobs": "nix-eval-jobs",
        "nixpkgs": "nixpkgs"
      }
    }
  },
  "root": "root",
  "version": 7
}
