{
  "nodes": {
    "nix": {
      "flake": false,
      "locked": {
        "lastModified": 1769299668,
        "narHash": "sha256-X9HTE5az7ahIcex+/Il7T3+F12/WJTiQ0Q9EF6NKynw=",
        "owner": "NixOS",
        "repo": "nix",
        "rev": "a2b044dc8d5c60f2036b54008149fa3c09b00aa6",
        "type": "github"
      },
      "original": {
        "owner": "NixOS",
        "ref": "2.33-maintenance",
        "repo": "nix",
        "type": "github"
      }
    },
    "nix-eval-jobs": {
      "flake": false,
      "locked": {
        "lastModified": 1767025318,
        "narHash": "sha256-i68miKHGdueWggcDAF+Kca9g6S3ipkW629XbMpQYfn0=",
        "owner": "nix-community",
        "repo": "nix-eval-jobs",
        "rev": "79dd7adbb5f75b08fb4b9bddd712ebc52baa46bc",
        "type": "github"
      },
      "original": {
        "owner": "nix-community",
        "ref": "v2.33.0",
        "repo": "nix-eval-jobs",
        "type": "github"
      }
    },
    "nixpkgs": {
      "locked": {
        "lastModified": 1769373857,
        "narHash": "sha256-IVRjQyPlY4jagm2nzROHobD8lVff4m++swbJ4Q1+kTs=",
        "owner": "NixOS",
        "repo": "nixpkgs",
        "rev": "145fdb350cfaa360ff356edf6e85430b231dd5c6",
        "type": "github"
      },
      "original": {
        "owner": "NixOS",
        "ref": "nixos-25.11-small",
        "repo": "nixpkgs",
        "type": "github"
      }
    },
    "root": {
      "inputs": {
        "nix": "nix",
        "nix-eval-jobs": "nix-eval-jobs",
        "nixpkgs": "nixpkgs"
      }
    }
  },
  "root": "root",
  "version": 7
}
